
Microsoft Visual Studio Solution File, Format Version 12.00
# Visual Studio Version 16
VisualStudioVersion = 16.0.31624.102
MinimumVisualStudioVersion = 10.0.40219.1
Project("{9A19103F-16F7-4668-BE54-9A1E7A4F7556}") = "TracerApp", "Tracer\TracerApp.csproj", "{F50E4013-7F38-44A2-99CD-9B6FA623556D}"
EndProject
Project("{9A19103F-16F7-4668-BE54-9A1E7A4F7556}") = "UnitTests", "UnitTests.Tests\UnitTests.csproj", "{38EFC01A-42FB-456A-84EF-AF8CEF4BBE1E}"
EndProject
Global
	GlobalSection(SolutionConfigurationPlatforms) = preSolution
		Debug|Any CPU = Debug|Any CPU
		Release|Any CPU = Release|Any CPU
	EndGlobalSection
	GlobalSection(ProjectConfigurationPlatforms) = postSolution
		{F50E4013-7F38-44A2-99CD-9B6FA623556D}.Debug|Any CPU.ActiveCfg = Debug|Any CPU
		{F50E4013-7F38-44A2-99CD-9B6FA623556D}.Debug|Any CPU.Build.0 = Debug|Any CPU
		{F50E4013-7F38-44A2-99CD-9B6FA623556D}.Release|Any CPU.ActiveCfg = Release|Any CPU
		{F50E4013-7F38-44A2-99CD-9B6FA623556D}.Release|Any CPU.Build.0 = Release|Any CPU
		{38EFC01A-42FB-456A-84EF-AF8CEF4BBE1E}.Debug|Any CPU.ActiveCfg = Debug|Any CPU
		{38EFC01A-42FB-456A-84EF-AF8CEF4BBE1E}.Debug|Any CPU.Build.0 = Debug|Any CPU
		{38EFC01A-42FB-456A-84EF-AF8CEF4BBE1E}.Release|Any CPU.ActiveCfg = Release|Any CPU
		{38EFC01A-42FB-456A-84EF-AF8CEF4BBE1E}.Release|Any CPU.Build.0 = Release|Any CPU
	EndGlobalSection
	GlobalSection(SolutionProperties) = preSolution
		HideSolutionNode = FALSE
	EndGlobalSection
	GlobalSection(ExtensibilityGlobals) = postSolution
		SolutionGuid = {A0703E35-4054-4863-BD37-735A82EA54D8}
	EndGlobalSection
EndGlobal
